{
  "projects": [
    {
      "projectId": "sSe8AoDiAW5DkmycE76RKb",
      "version": "latest",
      "dependencies": {},
      "lang": "js",
      "fileLocks": [
        {
          "type": "globalVariant",
          "assetId": "XE8Uhzv7PeLJgW",
          "checksum": "f418e4aed9bc90f3d63e00932c303dcc"
        },
        {
          "type": "renderModule",
          "assetId": "HkG6nEWkUxGK_",
          "checksum": "70e80508cf5017e8f24805e692d1ac66"
        },
        {
          "type": "cssRules",
          "assetId": "HkG6nEWkUxGK_",
          "checksum": "70e80508cf5017e8f24805e692d1ac66"
        },
        {
          "type": "renderModule",
          "assetId": "AI4dzLfJKZOBy",
          "checksum": "65160a9350782db59871a7c89e0d62e3"
        },
        {
          "type": "cssRules",
          "assetId": "AI4dzLfJKZOBy",
          "checksum": "65160a9350782db59871a7c89e0d62e3"
        },
        {
          "type": "renderModule",
          "assetId": "rlLZVswJyeOUp",
          "checksum": "f6da99af597176f7e9dd7f14aa6cf8df"
        },
        {
          "type": "cssRules",
          "assetId": "rlLZVswJyeOUp",
          "checksum": "f6da99af597176f7e9dd7f14aa6cf8df"
        },
        {
          "type": "renderModule",
          "assetId": "aKMJC5Su_PgNb",
          "checksum": "c958b0ce75d4f56202d06eba0457d139"
        },
        {
          "type": "cssRules",
          "assetId": "aKMJC5Su_PgNb",
          "checksum": "c958b0ce75d4f56202d06eba0457d139"
        },
        {
          "type": "renderModule",
          "assetId": "6BXtrSevg1h6js",
          "checksum": "eb452a16a22530d3574188c19a120bfe"
        },
        {
          "type": "cssRules",
          "assetId": "6BXtrSevg1h6js",
          "checksum": "eb452a16a22530d3574188c19a120bfe"
        },
        {
          "type": "renderModule",
          "assetId": "gwfbOx-ppiR7yy",
          "checksum": "399c182cacd38f36c68bbf78108c664d"
        },
        {
          "type": "cssRules",
          "assetId": "gwfbOx-ppiR7yy",
          "checksum": "399c182cacd38f36c68bbf78108c664d"
        },
        {
          "type": "renderModule",
          "assetId": "EgVjH3shVXgCZy",
          "checksum": "54f000590ce10eb6d61775fb80ecbeae"
        },
        {
          "type": "cssRules",
          "assetId": "EgVjH3shVXgCZy",
          "checksum": "54f000590ce10eb6d61775fb80ecbeae"
        },
        {
          "type": "renderModule",
          "assetId": "w9bR5wayqCyrZI",
          "checksum": "4a9ec1ecd32bdd240d156c403e41f40b"
        },
        {
          "type": "cssRules",
          "assetId": "w9bR5wayqCyrZI",
          "checksum": "4a9ec1ecd32bdd240d156c403e41f40b"
        },
        {
          "type": "renderModule",
          "assetId": "5l_ypefkyQtOfb",
          "checksum": "bcf183df9beb441bf86584a9495f5ee3"
        },
        {
          "type": "cssRules",
          "assetId": "5l_ypefkyQtOfb",
          "checksum": "bcf183df9beb441bf86584a9495f5ee3"
        },
        {
          "type": "renderModule",
          "assetId": "OD3fdYo-Q8aWox",
          "checksum": "6f768328cb66489ae11f8cb07023b03c"
        },
        {
          "type": "cssRules",
          "assetId": "OD3fdYo-Q8aWox",
          "checksum": "6f768328cb66489ae11f8cb07023b03c"
        },
        {
          "type": "renderModule",
          "assetId": "q3dvYXhBAjM3ih",
          "checksum": "02f7a80d20ce1061cf67dc3de431aa2b"
        },
        {
          "type": "cssRules",
          "assetId": "q3dvYXhBAjM3ih",
          "checksum": "02f7a80d20ce1061cf67dc3de431aa2b"
        },
        {
          "type": "renderModule",
          "assetId": "aZrFk0trqYG6jU",
          "checksum": "56d9da7fdbe973beb382897991cb9edd"
        },
        {
          "type": "cssRules",
          "assetId": "aZrFk0trqYG6jU",
          "checksum": "56d9da7fdbe973beb382897991cb9edd"
        },
        {
          "type": "renderModule",
          "assetId": "8-mbWFXVtuiyeU",
          "checksum": "5d0dcc6696ff6bb5ef61420ef3505ffd"
        },
        {
          "type": "cssRules",
          "assetId": "8-mbWFXVtuiyeU",
          "checksum": "5d0dcc6696ff6bb5ef61420ef3505ffd"
        },
        {
          "type": "icon",
          "assetId": "KZLSx5GjmP3wFG",
          "checksum": "b9acef4d1abe8ec3160c1913ac302d61"
        },
        {
          "type": "icon",
          "assetId": "uReSR94qZIhNBx",
          "checksum": "2d31b773e2aacb38ef2401f3296ad287"
        },
        {
          "type": "icon",
          "assetId": "Lhf64btJ37AEQA",
          "checksum": "d83b397ac8822405bfec3cfa2d090e97"
        },
        {
          "type": "icon",
          "assetId": "c5ePDUDtF_AkkZ",
          "checksum": "0a9b50932087bc121076b8b77da2e772"
        },
        {
          "type": "icon",
          "assetId": "OeyGjHIpWB6Zm3",
          "checksum": "20d0ecab0839b00b340dbf86f9cc7dd1"
        },
        {
          "type": "icon",
          "assetId": "pTxW90JdT2yKta",
          "checksum": "cedddc251ee0da7047340582583865c5"
        },
        {
          "type": "icon",
          "assetId": "OFIW_7ANYvIU5o",
          "checksum": "50d764fb1d67b1325263565f48375568"
        },
        {
          "type": "icon",
          "assetId": "WfpokVIC1o2SZ4",
          "checksum": "1a833ad613b540042bf9d6145646efbf"
        },
        {
          "type": "icon",
          "assetId": "ka4TjgsfLp_JAY",
          "checksum": "de2953f8946bf41d60f51f744c31f9ed"
        },
        {
          "type": "icon",
          "assetId": "NfXNpzmLKjwmgA",
          "checksum": "a0119513ebd860df4833ea97472d776d"
        },
        {
          "type": "icon",
          "assetId": "zIRvI6W2zd5sf7",
          "checksum": "3cdd22788f099486fe573b11edca2439"
        },
        {
          "type": "icon",
          "assetId": "A8bnkBjJqVCwJ9",
          "checksum": "ddc69fc78a984ab32d636f0b8de2606f"
        },
        {
          "type": "icon",
          "assetId": "JUfcvt6zfu5eDF",
          "checksum": "77369f4102281bbd71c638f0d3d3a52e"
        },
        {
          "type": "icon",
          "assetId": "cYHLg9zGv-Ow29",
          "checksum": "b239c0f7698546711f194b23cca834cb"
        },
        {
          "type": "icon",
          "assetId": "sZZ-kNTMVh1HTC",
          "checksum": "781adcea8698a25400f476fad740625d"
        },
        {
          "type": "icon",
          "assetId": "DMyOYcOD0Mx0oQ",
          "checksum": "bb8ecf52667c587baf794e864f9db4bc"
        },
        {
          "type": "icon",
          "assetId": "5zniIeEO8fPah3",
          "checksum": "8d8a734c45afb730627a212c78a31e50"
        },
        {
          "type": "icon",
          "assetId": "b3U5_aBRKV71dV",
          "checksum": "550cf293fade2d60b5e10e17476b2670"
        },
        {
          "type": "icon",
          "assetId": "RUt5hu92ctAGIf",
          "checksum": "309c33a374cd384a21f54ce099039e2e"
        },
        {
          "type": "image",
          "assetId": "SEkTFfGrXztBuz",
          "checksum": "5df1b7834874a9502e1d2a24e10de205"
        },
        {
          "type": "image",
          "assetId": "xq2u012lv5QUQk",
          "checksum": "a9d7da1f940c9da6646c36188ae4de1a"
        },
        {
          "type": "image",
          "assetId": "0SW0I63IoPgJ_9",
          "checksum": "29c74ddbb199e2f4fd78c85b30e82a10"
        },
        {
          "type": "image",
          "assetId": "sMHYV2nKnkhzU4",
          "checksum": "34df18ec0db0778762dc5e805c19ae46"
        },
        {
          "type": "image",
          "assetId": "74bgzVzvrQTLdi",
          "checksum": "d6c65bd6a457f63d84433d835c06ee7d"
        },
        {
          "type": "image",
          "assetId": "Jfr3rxEPol21r8",
          "checksum": "b4a2796761adcaeb99ee4a38d57fd0d0"
        },
        {
          "type": "image",
          "assetId": "wWNQwd9z3YSMv2",
          "checksum": "84caff193072c9b4618e35eb4b7ce326"
        },
        {
          "type": "image",
          "assetId": "yzprFqjLCDLHpO",
          "checksum": "1d810ecb9b02b2d33d2db52c60cc2120"
        },
        {
          "type": "image",
          "assetId": "hf5hPVhAtS_MzA",
          "checksum": "96cfeb55ecb3944e86518c50e84ddf0e"
        },
        {
          "type": "image",
          "assetId": "iNgCaUnUXFMXOE",
          "checksum": "86228f339ec610ce45d196b1f43dadad"
        },
        {
          "type": "image",
          "assetId": "e9np8adj-kvFIG",
          "checksum": "c4e6e053da006cbe3e0616e2b3dc3879"
        },
        {
          "type": "image",
          "assetId": "FXATnnXN91hBrE",
          "checksum": "d85104d0249a62cc4e9de2330291368d"
        },
        {
          "type": "image",
          "assetId": "EDPbdcggRpZ3Ap",
          "checksum": "e0422a2e11b65ced37bac297e9ace433"
        },
        {
          "type": "image",
          "assetId": "aanONNB0EYEHd4",
          "checksum": "6c57f97bc1617923be9cdb27bd357ca4"
        },
        {
          "type": "image",
          "assetId": "akgWfLYuXbBeES",
          "checksum": "4c66d0d00556be6b96f33b136721a51f"
        },
        {
          "type": "image",
          "assetId": "SMFoVPbWF3E9tF",
          "checksum": "e7360c51e9d1a2a058671a24d5212c9e"
        },
        {
          "type": "image",
          "assetId": "sJMUTSbUBl89rz",
          "checksum": "e2d389a958ea1db50293935917183a88"
        },
        {
          "type": "image",
          "assetId": "VTweULpb_K-tor",
          "checksum": "773fc2531cac08ef97d22a9711881a84"
        },
        {
          "type": "image",
          "assetId": "Y8q08epo6X-_fv",
          "checksum": "6cc7632e5fe9182dd7b08016f4ddf1a9"
        },
        {
          "type": "image",
          "assetId": "sblWL4xk0P0-fF",
          "checksum": "d23ea392f87996a0a95f65d776f891a3"
        },
        {
          "type": "image",
          "assetId": "Se57oSHLJZcyG-",
          "checksum": "b2341dcb81a8b118030e75160505a536"
        },
        {
          "type": "image",
          "assetId": "XCMZ9oxdNPqRNS",
          "checksum": "74ab54df655bffbb08c9ba7dac715618"
        },
        {
          "type": "image",
          "assetId": "AEORtfeNNeGhIj",
          "checksum": "9329cfbba0dd169cce6ecb1d90581dae"
        },
        {
          "type": "image",
          "assetId": "3r_9sAvf1aDic0",
          "checksum": "7695714da695c2de1852f435c0f35856"
        },
        {
          "type": "image",
          "assetId": "giv-1BLj5wX-0G",
          "checksum": "02eb29d769d8fb26658c0db3b598cd81"
        },
        {
          "type": "image",
          "assetId": "1KUbbudCK3udzm",
          "checksum": "61652460fd73d1fbbd60aa27e43a72cb"
        },
        {
          "type": "image",
          "assetId": "LPucKa7dTJz3m2",
          "checksum": "fb028dc2fe11d2974f922bb2e791ac07"
        },
        {
          "type": "image",
          "assetId": "FvUz9H0IkmF15h",
          "checksum": "82d8c14a9f3e5ebcdfc289a6321c3c19"
        },
        {
          "type": "image",
          "assetId": "xcmSDUsPyQEb_a",
          "checksum": "9c106468fd55212a2fb63b9f5da6b4e7"
        },
        {
          "type": "image",
          "assetId": "hF0mkYBT4f7pIj",
          "checksum": "774caadaee82f067eb7e6a2412d680ae"
        },
        {
          "type": "image",
          "assetId": "WUn0DxxMb2sLOa",
          "checksum": "dcc41e4bc4d1a35bd32d7c5072d3136a"
        },
        {
          "type": "image",
          "assetId": "FldkXj0z-HDQhB",
          "checksum": "e9aa2ba255fb3b53012222d1a1f13d7b"
        },
        {
          "type": "image",
          "assetId": "oqutfHWXnRiDAL",
          "checksum": "5401732f91e451b517d0f3ebb784cdef"
        },
        {
          "type": "image",
          "assetId": "Y9ueo5M-WLcbxh",
          "checksum": "171ed3c9532e4ba838567b8608c80561"
        },
        {
          "type": "image",
          "assetId": "gMOI6x6sBZZV0V",
          "checksum": "0c4fa9fefa5835c02dbb61a22dbb5a25"
        },
        {
          "type": "image",
          "assetId": "xYpnl2HAojPbOc",
          "checksum": "e90eecd55784daf14a2fc5f35bdc00de"
        },
        {
          "type": "image",
          "assetId": "yBigF61VDZqyzW",
          "checksum": "920db8ae761969a05e4d2c6dc3e806d3"
        },
        {
          "type": "image",
          "assetId": "B0QCl2WREjsbQj",
          "checksum": "1699ec24b127d8986bca83f099dd893d"
        },
        {
          "type": "image",
          "assetId": "KSHddG5yoCRnCg",
          "checksum": "05d338b3edf5a865a467410a87ea79d2"
        },
        {
          "type": "image",
          "assetId": "Es0HYRZdiEueBS",
          "checksum": "6901128ab5ca854622c26993ee58d8db"
        },
        {
          "type": "image",
          "assetId": "1VimS-MdJWndJY",
          "checksum": "f7b1dfdb0c12b1e890bab3c0b66c3cc7"
        },
        {
          "type": "image",
          "assetId": "Jz5w5s1UXdHfH5",
          "checksum": "59f6df3428dc69d5c8029a035f2187b0"
        },
        {
          "type": "image",
          "assetId": "CTC9qNQL-Ubx-s",
          "checksum": "939a4002c34d7f17efa27f2856302518"
        },
        {
          "type": "image",
          "assetId": "O3_E1ivXqM_WHG",
          "checksum": "332814fb6503bb3346e2b7e8cd56e094"
        },
        {
          "type": "image",
          "assetId": "hMogaDRvRIqiNG",
          "checksum": "aed54a0cbfd9444c761e1b63821f2bbb"
        },
        {
          "type": "image",
          "assetId": "8Lixs40zYoGvdl",
          "checksum": "f269272362988097916052fa7b75c848"
        },
        {
          "type": "image",
          "assetId": "0QhhPF-uOkASKx",
          "checksum": "393ab72304f6306cf52bdea4a27b065f"
        },
        {
          "type": "image",
          "assetId": "vwijhubTU3YUUR",
          "checksum": "15da61b084ed6ebace419ebafb1a4925"
        },
        {
          "type": "image",
          "assetId": "n5FaCBOt54MbJk",
          "checksum": "e8b7bad844ec16832cd1f4a1c74b1b52"
        },
        {
          "type": "image",
          "assetId": "Rs_3_ScVeLw_d-",
          "checksum": "537cec25ba1ca1613ab7a6f8f457e4e7"
        },
        {
          "type": "image",
          "assetId": "KUaeX2UQOoeJnM",
          "checksum": "0699a149540c134494b78c4f7b850613"
        },
        {
          "type": "image",
          "assetId": "zd237mRhxc0c7B",
          "checksum": "984cb4facbf1950bd0712204d1c65f0e"
        },
        {
          "type": "image",
          "assetId": "Xh7Bar7SyhKI8G",
          "checksum": "d4435512e61a463a39c5ffd9ee6ce9fa"
        },
        {
          "type": "image",
          "assetId": "E5H1eGp7yidpwp",
          "checksum": "b2bb3e149cbc8abe26dc3b826567c4bb"
        },
        {
          "type": "image",
          "assetId": "fDAY7eGhIR8rJM",
          "checksum": "6396359508c86c85b0c8a99a16a5c144"
        },
        {
          "type": "image",
          "assetId": "oFYQ9iWGp5UgNb",
          "checksum": "3593de110c8e26072ff09d49e5b0a48a"
        },
        {
          "type": "image",
          "assetId": "rfrxgNvc3QWdYI",
          "checksum": "5243db9f8f847f6db1bd7983a2420a3e"
        },
        {
          "type": "image",
          "assetId": "bUzljUSlpw6bAm",
          "checksum": "70619cd40c144b39caf6daaf74c50b78"
        },
        {
          "type": "image",
          "assetId": "97K8wi06zSp4Se",
          "checksum": "d06811c0008952f3b8c00940a919ed9f"
        },
        {
          "type": "image",
          "assetId": "hH-UldzYQyO73t",
          "checksum": "026eead8a269a4cf184134c257ffc64c"
        },
        {
          "type": "image",
          "assetId": "EPbCfJL8PPrF46",
          "checksum": "8ce798529f7ca802061ccd785e9c7cf9"
        },
        {
          "type": "image",
          "assetId": "GDi6Eo5hbAGLaZ",
          "checksum": "8c1835707df57f92fb864dc987d2c4b6"
        },
        {
          "type": "renderModule",
          "assetId": "-g2CZJTTgy",
          "checksum": "d3b74cc0d41dc29810a177f36c41e8e3"
        },
        {
          "type": "cssRules",
          "assetId": "-g2CZJTTgy",
          "checksum": "d3b74cc0d41dc29810a177f36c41e8e3"
        },
        {
          "type": "renderModule",
          "assetId": "iToDAg1nmG",
          "checksum": "660d576aad33c1f88607a3829e3c58f4"
        },
        {
          "type": "cssRules",
          "assetId": "iToDAg1nmG",
          "checksum": "660d576aad33c1f88607a3829e3c58f4"
        },
        {
          "type": "renderModule",
          "assetId": "8d2n861ybhR",
          "checksum": "abd50b3640b395013f907844539363a7"
        },
        {
          "type": "cssRules",
          "assetId": "8d2n861ybhR",
          "checksum": "abd50b3640b395013f907844539363a7"
        },
        {
          "type": "renderModule",
          "assetId": "zh3kqLJ46fi",
          "checksum": "01c458eb0faac66e90e0214a5e1c125d"
        },
        {
          "type": "cssRules",
          "assetId": "zh3kqLJ46fi",
          "checksum": "01c458eb0faac66e90e0214a5e1c125d"
        },
        {
          "type": "renderModule",
          "assetId": "V_oBn9duPId4",
          "checksum": "62532a937551a0d8e1f1b577d2c50386"
        },
        {
          "type": "cssRules",
          "assetId": "V_oBn9duPId4",
          "checksum": "62532a937551a0d8e1f1b577d2c50386"
        },
        {
          "type": "renderModule",
          "assetId": "etnBJOB6RnQQ",
          "checksum": "9b9475938a5ad03c2c8e5b07aec39172"
        },
        {
          "type": "cssRules",
          "assetId": "etnBJOB6RnQQ",
          "checksum": "9b9475938a5ad03c2c8e5b07aec39172"
        },
        {
          "type": "renderModule",
          "assetId": "SEqf-PfEg1Av",
          "checksum": "1e18a64cd4eb50de404be6c9ddd0ff21"
        },
        {
          "type": "cssRules",
          "assetId": "SEqf-PfEg1Av",
          "checksum": "1e18a64cd4eb50de404be6c9ddd0ff21"
        },
        {
          "type": "renderModule",
          "assetId": "av94M0p8SsMs",
          "checksum": "17774d904f45ae3fe72c4f578e7de03f"
        },
        {
          "type": "cssRules",
          "assetId": "av94M0p8SsMs",
          "checksum": "17774d904f45ae3fe72c4f578e7de03f"
        },
        {
          "type": "renderModule",
          "assetId": "HUxNK1nPNNPj",
          "checksum": "8aab48e224b71cd5d683d9d4cdde4ce5"
        },
        {
          "type": "cssRules",
          "assetId": "HUxNK1nPNNPj",
          "checksum": "8aab48e224b71cd5d683d9d4cdde4ce5"
        },
        {
          "type": "renderModule",
          "assetId": "Nka3K81MK4J",
          "checksum": "eb7fe246e40d500bf051353017efe87b"
        },
        {
          "type": "cssRules",
          "assetId": "Nka3K81MK4J",
          "checksum": "eb7fe246e40d500bf051353017efe87b"
        },
        {
          "type": "renderModule",
          "assetId": "hP60w2mrECg",
          "checksum": "953b6c7136c138bfdff7e0dd30b55f32"
        },
        {
          "type": "cssRules",
          "assetId": "hP60w2mrECg",
          "checksum": "953b6c7136c138bfdff7e0dd30b55f32"
        },
        {
          "type": "renderModule",
          "assetId": "T4P95RZTmB1p",
          "checksum": "e91b5fb44846e2648b6b8600159d3016"
        },
        {
          "type": "cssRules",
          "assetId": "T4P95RZTmB1p",
          "checksum": "e91b5fb44846e2648b6b8600159d3016"
        },
        {
          "type": "renderModule",
          "assetId": "ilrdrVgKIxu6",
          "checksum": "d9187da01cbacea12b0c2d897eafd8ec"
        },
        {
          "type": "cssRules",
          "assetId": "ilrdrVgKIxu6",
          "checksum": "d9187da01cbacea12b0c2d897eafd8ec"
        },
        {
          "type": "renderModule",
          "assetId": "REPkkiHFP7gV",
          "checksum": "97abe2b8f361e31c816c6b9b8b5ee7ca"
        },
        {
          "type": "cssRules",
          "assetId": "REPkkiHFP7gV",
          "checksum": "97abe2b8f361e31c816c6b9b8b5ee7ca"
        },
        {
          "type": "renderModule",
          "assetId": "QMFzfzuf1MuZ",
          "checksum": "3df03d0e1b4fa8bf399e60cac25c500f"
        },
        {
          "type": "cssRules",
          "assetId": "QMFzfzuf1MuZ",
          "checksum": "3df03d0e1b4fa8bf399e60cac25c500f"
        },
        {
          "type": "renderModule",
          "assetId": "4Qhuo4p3JsDM",
          "checksum": "d67b329b3a1bc27899301f56875b43c2"
        },
        {
          "type": "cssRules",
          "assetId": "4Qhuo4p3JsDM",
          "checksum": "d67b329b3a1bc27899301f56875b43c2"
        },
        {
          "type": "renderModule",
          "assetId": "n0VxP9nvA2uW",
          "checksum": "389ee6ff1d634a6c5e45632ad2d446fa"
        },
        {
          "type": "cssRules",
          "assetId": "n0VxP9nvA2uW",
          "checksum": "389ee6ff1d634a6c5e45632ad2d446fa"
        },
        {
          "type": "renderModule",
          "assetId": "2fpNHVipo9oE",
          "checksum": "8eb9f95aa91f940cb413c60919ed79f2"
        },
        {
          "type": "cssRules",
          "assetId": "2fpNHVipo9oE",
          "checksum": "8eb9f95aa91f940cb413c60919ed79f2"
        },
        {
          "type": "renderModule",
          "assetId": "m3-qPOeAy3JL",
          "checksum": "b75febec0a69f05c5a94df39c5948abc"
        },
        {
          "type": "cssRules",
          "assetId": "m3-qPOeAy3JL",
          "checksum": "b75febec0a69f05c5a94df39c5948abc"
        },
        {
          "type": "renderModule",
          "assetId": "QQJztjY-fZxm",
          "checksum": "dbd4dd8f04a1facfa2cb9e9f643c3784"
        },
        {
          "type": "cssRules",
          "assetId": "QQJztjY-fZxm",
          "checksum": "dbd4dd8f04a1facfa2cb9e9f643c3784"
        },
        {
          "type": "renderModule",
          "assetId": "DFBOZNj-hz1F",
          "checksum": "912022b7d302664b37d2622d3586ed61"
        },
        {
          "type": "cssRules",
          "assetId": "DFBOZNj-hz1F",
          "checksum": "912022b7d302664b37d2622d3586ed61"
        },
        {
          "type": "renderModule",
          "assetId": "b7xhcwiQagQ",
          "checksum": "0e660d9eac2b323b81a21671da676f15"
        },
        {
          "type": "cssRules",
          "assetId": "b7xhcwiQagQ",
          "checksum": "0e660d9eac2b323b81a21671da676f15"
        },
        {
          "type": "renderModule",
          "assetId": "A-CHM3NpvTPd",
          "checksum": "a5c1630d8b8710a5bf21a02aa7875f47"
        },
        {
          "type": "cssRules",
          "assetId": "A-CHM3NpvTPd",
          "checksum": "a5c1630d8b8710a5bf21a02aa7875f47"
        },
        {
          "type": "renderModule",
          "assetId": "oAKzyx6rgSP0",
          "checksum": "ed906749b1b665fec352a1bec09175e7"
        },
        {
          "type": "cssRules",
          "assetId": "oAKzyx6rgSP0",
          "checksum": "ed906749b1b665fec352a1bec09175e7"
        },
        {
          "type": "renderModule",
          "assetId": "6vz6vQv77wHI",
          "checksum": "8e52e80cfb5a1cbe862031d3243cfdbd"
        },
        {
          "type": "cssRules",
          "assetId": "6vz6vQv77wHI",
          "checksum": "8e52e80cfb5a1cbe862031d3243cfdbd"
        },
        {
          "type": "renderModule",
          "assetId": "NQYYjLRE4C25",
          "checksum": "0cd867a7007a2ec3eebff5661a0122c7"
        },
        {
          "type": "cssRules",
          "assetId": "NQYYjLRE4C25",
          "checksum": "0cd867a7007a2ec3eebff5661a0122c7"
        },
        {
          "type": "renderModule",
          "assetId": "LR9nDSbmSEME",
          "checksum": "279000754685baf59cebe2f4edf9481b"
        },
        {
          "type": "cssRules",
          "assetId": "LR9nDSbmSEME",
          "checksum": "279000754685baf59cebe2f4edf9481b"
        },
        {
          "type": "renderModule",
          "assetId": "UdLnWbShe4VN",
          "checksum": "fda30ac1a62ba7251f1f100e8264dfc3"
        },
        {
          "type": "cssRules",
          "assetId": "UdLnWbShe4VN",
          "checksum": "fda30ac1a62ba7251f1f100e8264dfc3"
        },
        {
          "type": "renderModule",
          "assetId": "oJFTzoT_cGS5",
          "checksum": "7f74a0bb440fbe4a385a92e133c5d25d"
        },
        {
          "type": "cssRules",
          "assetId": "oJFTzoT_cGS5",
          "checksum": "7f74a0bb440fbe4a385a92e133c5d25d"
        },
        {
          "type": "renderModule",
          "assetId": "RoFRjc3cT2p2",
          "checksum": "ac88359723ba74a8a3ba7633ec94a00d"
        },
        {
          "type": "cssRules",
          "assetId": "RoFRjc3cT2p2",
          "checksum": "ac88359723ba74a8a3ba7633ec94a00d"
        },
        {
          "type": "renderModule",
          "assetId": "p8j9anwagd",
          "checksum": "611bfd25adb98dea1ff3371f603a3128"
        },
        {
          "type": "cssRules",
          "assetId": "p8j9anwagd",
          "checksum": "611bfd25adb98dea1ff3371f603a3128"
        },
        {
          "type": "icon",
          "assetId": "VIr9mPjHe_N",
          "checksum": "f2bb035eb7c9c724ff9ab44185462a92"
        },
        {
          "type": "icon",
          "assetId": "hyFJbEzzzDh",
          "checksum": "9580abce1d0c4021ceeb8368f52a2163"
        },
        {
          "type": "icon",
          "assetId": "YathwNlp-5W",
          "checksum": "7d693446a3731f37c824a89d096c4f93"
        },
        {
          "type": "icon",
          "assetId": "bzTgi1Nyqh7",
          "checksum": "d8f92247f6943bfab57fbdc4f1fd8099"
        },
        {
          "type": "icon",
          "assetId": "imr2ad6PsGm",
          "checksum": "f8b37a177a106f4e573ccfa89e55bcfe"
        },
        {
          "type": "icon",
          "assetId": "wcNkZzZBoe4",
          "checksum": "b293db592340db9517a11d6c80b1debb"
        },
        {
          "type": "icon",
          "assetId": "-5gXY-mcqvsC",
          "checksum": "c84aba06db0d54cae5dc7ce44e1a217f"
        },
        {
          "type": "icon",
          "assetId": "Fdi7uUm3D",
          "checksum": "42aff472f548598e5b9e4e452f799563"
        },
        {
          "type": "icon",
          "assetId": "5m1eRSzYJX",
          "checksum": "4e82c15fc0e82c0eba161f56ac4df8ab"
        },
        {
          "type": "icon",
          "assetId": "haUSTplTf_",
          "checksum": "149e8fbd47f6311a4e4952e1d367bb34"
        },
        {
          "type": "icon",
          "assetId": "Fm08GCOPSM",
          "checksum": "e6002b8870ca599bfec8d6fd5285e9a8"
        },
        {
          "type": "icon",
          "assetId": "PkQd2s63BDV",
          "checksum": "f4418103a5ae6330cdeab9199426d811"
        },
        {
          "type": "icon",
          "assetId": "q9W4xpDt_0c",
          "checksum": "9f9b51b642b9ffd99d8d1907a194e4be"
        },
        {
          "type": "icon",
          "assetId": "Y1PoW2BJdAn",
          "checksum": "fa4829a6a1bef3ac0b8dc3d68d78e284"
        },
        {
          "type": "icon",
          "assetId": "FpqqNlkv-3O",
          "checksum": "c54d2905b23bc0099fb30a03d6ca27df"
        },
        {
          "type": "image",
          "assetId": "Ip_HfRHu4xx",
          "checksum": "23a6746185c2acbad2ba4d13a1407c2d"
        },
        {
          "type": "image",
          "assetId": "MAv3Dbj3Lkn",
          "checksum": "25344fa7487548becf058bda99b4c25f"
        },
        {
          "type": "image",
          "assetId": "2Ifs1h8V_Gl",
          "checksum": "40470dd2f5b5932f9ac013a3ba089b49"
        },
        {
          "type": "image",
          "assetId": "KX5vCVZ16l4",
          "checksum": "ef9e614448fcc0eb48ccd8838e336057"
        },
        {
          "type": "image",
          "assetId": "ejnr_Mh7bR3",
          "checksum": "0779d19a012341fbd0008022801ddc4c"
        },
        {
          "type": "image",
          "assetId": "9Lovay_Sz1Gv",
          "checksum": "e6815ac64289f108e29b9394b95f63b3"
        },
        {
          "type": "image",
          "assetId": "j91VAH07FkoS",
          "checksum": "110d712f708d90e0c6606cece2dafd5d"
        },
        {
          "type": "image",
          "assetId": "Qt8I9t6utnuG",
          "checksum": "459fa027a821b69609b767936fa173c1"
        },
        {
          "type": "image",
          "assetId": "38HTREK_cPf7",
          "checksum": "ac136d24d08adc66eba46a594d38d76e"
        },
        {
          "type": "image",
          "assetId": "dAKeDUubt2w3",
          "checksum": "b9c4084b5b691fd68633cad86a9088e4"
        },
        {
          "type": "image",
          "assetId": "bsBaBYxNfPaB",
          "checksum": "b35c903c0556b3649c1229e4e3612f59"
        },
        {
          "type": "image",
          "assetId": "Nj0Cineikniw",
          "checksum": "973d0e5e19559b029b920ab76bd52897"
        },
        {
          "type": "image",
          "assetId": "y_-VAxpq2koi",
          "checksum": "85acbd56c74ec5aab0b976f24e2dc660"
        },
        {
          "type": "image",
          "assetId": "Bw1XX4pLB2oY",
          "checksum": "bc01fe2c4b20ec39eab42452a5c50966"
        },
        {
          "type": "image",
          "assetId": "Z7cxMPyV5uq-",
          "checksum": "0365f731c3ca1edd6ddc7ff5eeba1c44"
        },
        {
          "type": "image",
          "assetId": "EtWNH4SH88Jf",
          "checksum": "5d2fcaad346948d224734681566d7a2d"
        },
        {
          "type": "image",
          "assetId": "pt0G3qLzImIt",
          "checksum": "1cfc4e478c1af559f9fb3d04775d240b"
        },
        {
          "type": "image",
          "assetId": "xP6OEh_x7uzd",
          "checksum": "58ab86c83ce32f216d03128c98cd2bd3"
        },
        {
          "type": "image",
          "assetId": "HudZcdsTrL-p",
          "checksum": "9bcab8346d137473954edd01f5f39a19"
        },
        {
          "type": "image",
          "assetId": "38vHlJE4G61F",
          "checksum": "2582c4468bce405c0c3fb6d8e2cf029e"
        },
        {
          "type": "image",
          "assetId": "s8_D2MHzsFvW",
          "checksum": "74b049b72882754403eee8625015abf3"
        },
        {
          "type": "image",
          "assetId": "KtelO3lDQkQO",
          "checksum": "1cfcfd210eb509f6d926525368eceaab"
        },
        {
          "type": "image",
          "assetId": "CtDY8oGqdat0",
          "checksum": "4d5c07e775b1936b06e8c064e2b50086"
        },
        {
          "type": "image",
          "assetId": "pRICDvGpdra1",
          "checksum": "60313d12284151e4c2b907ac8128293a"
        },
        {
          "type": "image",
          "assetId": "jujIPqDcqgQe",
          "checksum": "605934bb7649d97573d54234aef2b16e"
        },
        {
          "type": "image",
          "assetId": "WGSLuucRHTqY",
          "checksum": "7d68e7767a0456f137e32e9d13f3a678"
        },
        {
          "type": "image",
          "assetId": "coGUGU1RLMhC",
          "checksum": "cb59967720d9596858d5c86a2630ff0f"
        },
        {
          "type": "image",
          "assetId": "7qkXoSP38mYZ",
          "checksum": "533c8e9a4a363245a3a555990a12c58b"
        },
        {
          "type": "image",
          "assetId": "OINuKV1RjNpO",
          "checksum": "1badb0a66cd763fe307c13e2ed60836a"
        },
        {
          "type": "image",
          "assetId": "T6CaoN2IG_CH",
          "checksum": "ebf38a69a8eb9f2ce0e85d9e6b622c6a"
        },
        {
          "type": "image",
          "assetId": "gGKFg6Wy5t1t",
          "checksum": "d58d7459ed9c08ac18cc79fe15f9c5fe"
        },
        {
          "type": "image",
          "assetId": "Go4boIZdeufb",
          "checksum": "b394e628df8a2c4fccea28881a0cb6a7"
        },
        {
          "type": "image",
          "assetId": "mu_S_BFcgfkk",
          "checksum": "d501b3b6ab79fae84ca7a89404687e5e"
        },
        {
          "type": "image",
          "assetId": "Ex57-w8trcqF",
          "checksum": "226053ff3d4410dacb7269ebaa1eeb9e"
        },
        {
          "type": "image",
          "assetId": "9mjS7Gg6Keh5",
          "checksum": "b89281dfd547ddbc24c3e8d12fd41cce"
        },
        {
          "type": "image",
          "assetId": "cgjgMOUVjGi5",
          "checksum": "835c8945d0b14d4522da31161f5270a0"
        },
        {
          "type": "image",
          "assetId": "hzgYtnxpAUkl",
          "checksum": "118e245db4ce39564bd29c1ff423b8fb"
        },
        {
          "type": "image",
          "assetId": "JWR6-MThfQC7",
          "checksum": "1e6b051d9190103504a271858cb3ab32"
        },
        {
          "type": "image",
          "assetId": "-HNVnJihJIpa",
          "checksum": "74d9531096c00538e88d73f8820d8176"
        },
        {
          "type": "image",
          "assetId": "HTvMnh6Zsysj",
          "checksum": "f8ae933ac2d07912341ba88bc9849a75"
        },
        {
          "type": "image",
          "assetId": "ARZZ4QcSW7n1",
          "checksum": "149f25cddfb831c716bd10c2af3c32a4"
        },
        {
          "type": "image",
          "assetId": "ZUXoPiKnyDu",
          "checksum": "e6b293d38efdc36af47e176c60072636"
        },
        {
          "type": "image",
          "assetId": "klfu9JKrQKW",
          "checksum": "e942cfbf22a5e7e004bfc5139378ba00"
        },
        {
          "type": "image",
          "assetId": "BQCxl8-cRsR",
          "checksum": "c3edccb944ffd304299fceb055881365"
        },
        {
          "type": "image",
          "assetId": "4b4F5mZV6N5",
          "checksum": "7e1e63ba51f0ba377e8a314b62269d8a"
        },
        {
          "type": "image",
          "assetId": "A3EJGZyQhhS",
          "checksum": "aa6692763a61667c6ca44dc63a71daa8"
        },
        {
          "type": "image",
          "assetId": "7BBlm-Smv",
          "checksum": "bbce91fcd63974131fbc61d70f9f481d"
        },
        {
          "type": "renderModule",
          "assetId": "_DbnGlNkMg",
          "checksum": "3e54d3075ecb0b41687b0313d3a0411d"
        },
        {
          "type": "cssRules",
          "assetId": "_DbnGlNkMg",
          "checksum": "3e54d3075ecb0b41687b0313d3a0411d"
        },
        {
          "type": "image",
          "assetId": "Txxs8mLWC",
          "checksum": "f734f1caaeb910a31e20aef7cfd9020c"
        },
        {
          "type": "image",
          "assetId": "gGIjkKH_n",
          "checksum": "30ec09498fa1fbb02bbfb4da68cef3c8"
        },
        {
          "type": "image",
          "assetId": "C4DLkPaUY",
          "checksum": "bae3e32f7939511faf41016ff421b206"
        },
        {
          "type": "image",
          "assetId": "zC_IWyJRT",
          "checksum": "2dea619f0b6c410165f165704e380786"
        },
        {
          "assetId": "sSe8AoDiAW5DkmycE76RKb",
          "type": "projectCss",
          "checksum": "014802de6d7f7ae4afad240e1611fb1c"
        }
      ],
      "codegenVersion": "0.0.1"
    }
  ],
  "cliVersion": "0.1.182"
}
