{
  "projects": [
    {
      "projectId": "sSe8AoDiAW5DkmycE76RKb",
      "version": "latest",
      "dependencies": {},
      "lang": "js",
      "fileLocks": [
        {
          "type": "globalVariant",
          "assetId": "XE8Uhzv7PeLJgW",
          "checksum": "f418e4aed9bc90f3d63e00932c303dcc"
        },
        {
          "type": "renderModule",
          "assetId": "HkG6nEWkUxGK_",
          "checksum": "1a66c1819b1a67393cd41a1c658a6d10"
        },
        {
          "type": "cssRules",
          "assetId": "HkG6nEWkUxGK_",
          "checksum": "1a66c1819b1a67393cd41a1c658a6d10"
        },
        {
          "type": "renderModule",
          "assetId": "AI4dzLfJKZOBy",
          "checksum": "0c787b5f5bf544cc323d3eef78b0bec2"
        },
        {
          "type": "cssRules",
          "assetId": "AI4dzLfJKZOBy",
          "checksum": "0c787b5f5bf544cc323d3eef78b0bec2"
        },
        {
          "type": "renderModule",
          "assetId": "rlLZVswJyeOUp",
          "checksum": "2508e25f0581b0d27cbb3f345eb5428e"
        },
        {
          "type": "cssRules",
          "assetId": "rlLZVswJyeOUp",
          "checksum": "2508e25f0581b0d27cbb3f345eb5428e"
        },
        {
          "type": "renderModule",
          "assetId": "aKMJC5Su_PgNb",
          "checksum": "1134d5ed22cc1c368fb827d6439bc10e"
        },
        {
          "type": "cssRules",
          "assetId": "aKMJC5Su_PgNb",
          "checksum": "1134d5ed22cc1c368fb827d6439bc10e"
        },
        {
          "type": "renderModule",
          "assetId": "6BXtrSevg1h6js",
          "checksum": "e1ed3015988b8bf2677006ee5edbacaf"
        },
        {
          "type": "cssRules",
          "assetId": "6BXtrSevg1h6js",
          "checksum": "e1ed3015988b8bf2677006ee5edbacaf"
        },
        {
          "type": "renderModule",
          "assetId": "gwfbOx-ppiR7yy",
          "checksum": "a7018c11422947de36c40898d431a48d"
        },
        {
          "type": "cssRules",
          "assetId": "gwfbOx-ppiR7yy",
          "checksum": "a7018c11422947de36c40898d431a48d"
        },
        {
          "type": "renderModule",
          "assetId": "EgVjH3shVXgCZy",
          "checksum": "537db68df4969f1c7818347dcd5c4a5a"
        },
        {
          "type": "cssRules",
          "assetId": "EgVjH3shVXgCZy",
          "checksum": "537db68df4969f1c7818347dcd5c4a5a"
        },
        {
          "type": "renderModule",
          "assetId": "w9bR5wayqCyrZI",
          "checksum": "96c35dba785d3f22bb135106939cc734"
        },
        {
          "type": "cssRules",
          "assetId": "w9bR5wayqCyrZI",
          "checksum": "96c35dba785d3f22bb135106939cc734"
        },
        {
          "type": "renderModule",
          "assetId": "5l_ypefkyQtOfb",
          "checksum": "d171585c8cdcb7dfadd8b0d799aef2c3"
        },
        {
          "type": "cssRules",
          "assetId": "5l_ypefkyQtOfb",
          "checksum": "d171585c8cdcb7dfadd8b0d799aef2c3"
        },
        {
          "type": "renderModule",
          "assetId": "OD3fdYo-Q8aWox",
          "checksum": "8a4b67d79795091e8b96042ef067675b"
        },
        {
          "type": "cssRules",
          "assetId": "OD3fdYo-Q8aWox",
          "checksum": "8a4b67d79795091e8b96042ef067675b"
        },
        {
          "type": "renderModule",
          "assetId": "q3dvYXhBAjM3ih",
          "checksum": "98f7b84a115a6915e4654a6475662c37"
        },
        {
          "type": "cssRules",
          "assetId": "q3dvYXhBAjM3ih",
          "checksum": "98f7b84a115a6915e4654a6475662c37"
        },
        {
          "type": "renderModule",
          "assetId": "aZrFk0trqYG6jU",
          "checksum": "8528a85abe3d0eaa04281d7e101c7ec4"
        },
        {
          "type": "cssRules",
          "assetId": "aZrFk0trqYG6jU",
          "checksum": "8528a85abe3d0eaa04281d7e101c7ec4"
        },
        {
          "type": "renderModule",
          "assetId": "8-mbWFXVtuiyeU",
          "checksum": "1405bd2063cbf2844d0aadeb6c45e252"
        },
        {
          "type": "cssRules",
          "assetId": "8-mbWFXVtuiyeU",
          "checksum": "1405bd2063cbf2844d0aadeb6c45e252"
        },
        {
          "type": "icon",
          "assetId": "KZLSx5GjmP3wFG",
          "checksum": "b9acef4d1abe8ec3160c1913ac302d61"
        },
        {
          "type": "icon",
          "assetId": "uReSR94qZIhNBx",
          "checksum": "2d31b773e2aacb38ef2401f3296ad287"
        },
        {
          "type": "icon",
          "assetId": "Lhf64btJ37AEQA",
          "checksum": "d83b397ac8822405bfec3cfa2d090e97"
        },
        {
          "type": "icon",
          "assetId": "c5ePDUDtF_AkkZ",
          "checksum": "0a9b50932087bc121076b8b77da2e772"
        },
        {
          "type": "icon",
          "assetId": "OeyGjHIpWB6Zm3",
          "checksum": "20d0ecab0839b00b340dbf86f9cc7dd1"
        },
        {
          "type": "icon",
          "assetId": "pTxW90JdT2yKta",
          "checksum": "cedddc251ee0da7047340582583865c5"
        },
        {
          "type": "icon",
          "assetId": "OFIW_7ANYvIU5o",
          "checksum": "50d764fb1d67b1325263565f48375568"
        },
        {
          "type": "icon",
          "assetId": "WfpokVIC1o2SZ4",
          "checksum": "1a833ad613b540042bf9d6145646efbf"
        },
        {
          "type": "icon",
          "assetId": "ka4TjgsfLp_JAY",
          "checksum": "de2953f8946bf41d60f51f744c31f9ed"
        },
        {
          "type": "icon",
          "assetId": "NfXNpzmLKjwmgA",
          "checksum": "a0119513ebd860df4833ea97472d776d"
        },
        {
          "type": "icon",
          "assetId": "zIRvI6W2zd5sf7",
          "checksum": "3cdd22788f099486fe573b11edca2439"
        },
        {
          "type": "icon",
          "assetId": "A8bnkBjJqVCwJ9",
          "checksum": "ddc69fc78a984ab32d636f0b8de2606f"
        },
        {
          "type": "icon",
          "assetId": "JUfcvt6zfu5eDF",
          "checksum": "77369f4102281bbd71c638f0d3d3a52e"
        },
        {
          "type": "icon",
          "assetId": "cYHLg9zGv-Ow29",
          "checksum": "b239c0f7698546711f194b23cca834cb"
        },
        {
          "type": "icon",
          "assetId": "sZZ-kNTMVh1HTC",
          "checksum": "781adcea8698a25400f476fad740625d"
        },
        {
          "type": "icon",
          "assetId": "DMyOYcOD0Mx0oQ",
          "checksum": "bb8ecf52667c587baf794e864f9db4bc"
        },
        {
          "type": "icon",
          "assetId": "5zniIeEO8fPah3",
          "checksum": "8d8a734c45afb730627a212c78a31e50"
        },
        {
          "type": "icon",
          "assetId": "b3U5_aBRKV71dV",
          "checksum": "550cf293fade2d60b5e10e17476b2670"
        },
        {
          "type": "icon",
          "assetId": "RUt5hu92ctAGIf",
          "checksum": "309c33a374cd384a21f54ce099039e2e"
        },
        {
          "type": "image",
          "assetId": "SEkTFfGrXztBuz",
          "checksum": "5df1b7834874a9502e1d2a24e10de205"
        },
        {
          "type": "image",
          "assetId": "xq2u012lv5QUQk",
          "checksum": "a9d7da1f940c9da6646c36188ae4de1a"
        },
        {
          "type": "image",
          "assetId": "0SW0I63IoPgJ_9",
          "checksum": "29c74ddbb199e2f4fd78c85b30e82a10"
        },
        {
          "type": "image",
          "assetId": "sMHYV2nKnkhzU4",
          "checksum": "34df18ec0db0778762dc5e805c19ae46"
        },
        {
          "type": "image",
          "assetId": "74bgzVzvrQTLdi",
          "checksum": "d6c65bd6a457f63d84433d835c06ee7d"
        },
        {
          "type": "image",
          "assetId": "Jfr3rxEPol21r8",
          "checksum": "b4a2796761adcaeb99ee4a38d57fd0d0"
        },
        {
          "type": "image",
          "assetId": "wWNQwd9z3YSMv2",
          "checksum": "84caff193072c9b4618e35eb4b7ce326"
        },
        {
          "type": "image",
          "assetId": "yzprFqjLCDLHpO",
          "checksum": "1d810ecb9b02b2d33d2db52c60cc2120"
        },
        {
          "type": "image",
          "assetId": "hf5hPVhAtS_MzA",
          "checksum": "96cfeb55ecb3944e86518c50e84ddf0e"
        },
        {
          "type": "image",
          "assetId": "iNgCaUnUXFMXOE",
          "checksum": "86228f339ec610ce45d196b1f43dadad"
        },
        {
          "type": "image",
          "assetId": "e9np8adj-kvFIG",
          "checksum": "c4e6e053da006cbe3e0616e2b3dc3879"
        },
        {
          "type": "image",
          "assetId": "FXATnnXN91hBrE",
          "checksum": "d85104d0249a62cc4e9de2330291368d"
        },
        {
          "type": "image",
          "assetId": "EDPbdcggRpZ3Ap",
          "checksum": "e0422a2e11b65ced37bac297e9ace433"
        },
        {
          "type": "image",
          "assetId": "aanONNB0EYEHd4",
          "checksum": "6c57f97bc1617923be9cdb27bd357ca4"
        },
        {
          "type": "image",
          "assetId": "akgWfLYuXbBeES",
          "checksum": "4c66d0d00556be6b96f33b136721a51f"
        },
        {
          "type": "image",
          "assetId": "SMFoVPbWF3E9tF",
          "checksum": "e7360c51e9d1a2a058671a24d5212c9e"
        },
        {
          "type": "image",
          "assetId": "sJMUTSbUBl89rz",
          "checksum": "e2d389a958ea1db50293935917183a88"
        },
        {
          "type": "image",
          "assetId": "VTweULpb_K-tor",
          "checksum": "773fc2531cac08ef97d22a9711881a84"
        },
        {
          "type": "image",
          "assetId": "Y8q08epo6X-_fv",
          "checksum": "6cc7632e5fe9182dd7b08016f4ddf1a9"
        },
        {
          "type": "image",
          "assetId": "sblWL4xk0P0-fF",
          "checksum": "d23ea392f87996a0a95f65d776f891a3"
        },
        {
          "type": "image",
          "assetId": "Se57oSHLJZcyG-",
          "checksum": "b2341dcb81a8b118030e75160505a536"
        },
        {
          "type": "image",
          "assetId": "XCMZ9oxdNPqRNS",
          "checksum": "74ab54df655bffbb08c9ba7dac715618"
        },
        {
          "type": "image",
          "assetId": "AEORtfeNNeGhIj",
          "checksum": "9329cfbba0dd169cce6ecb1d90581dae"
        },
        {
          "type": "image",
          "assetId": "3r_9sAvf1aDic0",
          "checksum": "7695714da695c2de1852f435c0f35856"
        },
        {
          "type": "image",
          "assetId": "giv-1BLj5wX-0G",
          "checksum": "02eb29d769d8fb26658c0db3b598cd81"
        },
        {
          "type": "image",
          "assetId": "1KUbbudCK3udzm",
          "checksum": "61652460fd73d1fbbd60aa27e43a72cb"
        },
        {
          "type": "image",
          "assetId": "LPucKa7dTJz3m2",
          "checksum": "fb028dc2fe11d2974f922bb2e791ac07"
        },
        {
          "type": "image",
          "assetId": "FvUz9H0IkmF15h",
          "checksum": "82d8c14a9f3e5ebcdfc289a6321c3c19"
        },
        {
          "type": "image",
          "assetId": "xcmSDUsPyQEb_a",
          "checksum": "9c106468fd55212a2fb63b9f5da6b4e7"
        },
        {
          "type": "image",
          "assetId": "hF0mkYBT4f7pIj",
          "checksum": "774caadaee82f067eb7e6a2412d680ae"
        },
        {
          "type": "image",
          "assetId": "WUn0DxxMb2sLOa",
          "checksum": "dcc41e4bc4d1a35bd32d7c5072d3136a"
        },
        {
          "type": "image",
          "assetId": "FldkXj0z-HDQhB",
          "checksum": "e9aa2ba255fb3b53012222d1a1f13d7b"
        },
        {
          "type": "image",
          "assetId": "oqutfHWXnRiDAL",
          "checksum": "5401732f91e451b517d0f3ebb784cdef"
        },
        {
          "type": "image",
          "assetId": "Y9ueo5M-WLcbxh",
          "checksum": "171ed3c9532e4ba838567b8608c80561"
        },
        {
          "type": "image",
          "assetId": "gMOI6x6sBZZV0V",
          "checksum": "0c4fa9fefa5835c02dbb61a22dbb5a25"
        },
        {
          "type": "image",
          "assetId": "xYpnl2HAojPbOc",
          "checksum": "e90eecd55784daf14a2fc5f35bdc00de"
        },
        {
          "type": "image",
          "assetId": "yBigF61VDZqyzW",
          "checksum": "920db8ae761969a05e4d2c6dc3e806d3"
        },
        {
          "type": "image",
          "assetId": "B0QCl2WREjsbQj",
          "checksum": "1699ec24b127d8986bca83f099dd893d"
        },
        {
          "type": "image",
          "assetId": "KSHddG5yoCRnCg",
          "checksum": "05d338b3edf5a865a467410a87ea79d2"
        },
        {
          "type": "image",
          "assetId": "Es0HYRZdiEueBS",
          "checksum": "6901128ab5ca854622c26993ee58d8db"
        },
        {
          "type": "image",
          "assetId": "1VimS-MdJWndJY",
          "checksum": "f7b1dfdb0c12b1e890bab3c0b66c3cc7"
        },
        {
          "type": "image",
          "assetId": "Jz5w5s1UXdHfH5",
          "checksum": "59f6df3428dc69d5c8029a035f2187b0"
        },
        {
          "type": "image",
          "assetId": "CTC9qNQL-Ubx-s",
          "checksum": "939a4002c34d7f17efa27f2856302518"
        },
        {
          "type": "image",
          "assetId": "O3_E1ivXqM_WHG",
          "checksum": "332814fb6503bb3346e2b7e8cd56e094"
        },
        {
          "type": "image",
          "assetId": "hMogaDRvRIqiNG",
          "checksum": "aed54a0cbfd9444c761e1b63821f2bbb"
        },
        {
          "type": "image",
          "assetId": "8Lixs40zYoGvdl",
          "checksum": "f269272362988097916052fa7b75c848"
        },
        {
          "type": "image",
          "assetId": "0QhhPF-uOkASKx",
          "checksum": "393ab72304f6306cf52bdea4a27b065f"
        },
        {
          "type": "image",
          "assetId": "vwijhubTU3YUUR",
          "checksum": "15da61b084ed6ebace419ebafb1a4925"
        },
        {
          "type": "image",
          "assetId": "n5FaCBOt54MbJk",
          "checksum": "e8b7bad844ec16832cd1f4a1c74b1b52"
        },
        {
          "type": "image",
          "assetId": "Rs_3_ScVeLw_d-",
          "checksum": "537cec25ba1ca1613ab7a6f8f457e4e7"
        },
        {
          "type": "image",
          "assetId": "KUaeX2UQOoeJnM",
          "checksum": "0699a149540c134494b78c4f7b850613"
        },
        {
          "type": "image",
          "assetId": "zd237mRhxc0c7B",
          "checksum": "984cb4facbf1950bd0712204d1c65f0e"
        },
        {
          "type": "image",
          "assetId": "Xh7Bar7SyhKI8G",
          "checksum": "d4435512e61a463a39c5ffd9ee6ce9fa"
        },
        {
          "type": "image",
          "assetId": "E5H1eGp7yidpwp",
          "checksum": "b2bb3e149cbc8abe26dc3b826567c4bb"
        },
        {
          "type": "image",
          "assetId": "fDAY7eGhIR8rJM",
          "checksum": "6396359508c86c85b0c8a99a16a5c144"
        },
        {
          "type": "image",
          "assetId": "oFYQ9iWGp5UgNb",
          "checksum": "3593de110c8e26072ff09d49e5b0a48a"
        },
        {
          "type": "image",
          "assetId": "rfrxgNvc3QWdYI",
          "checksum": "5243db9f8f847f6db1bd7983a2420a3e"
        },
        {
          "type": "image",
          "assetId": "bUzljUSlpw6bAm",
          "checksum": "70619cd40c144b39caf6daaf74c50b78"
        },
        {
          "type": "image",
          "assetId": "97K8wi06zSp4Se",
          "checksum": "d06811c0008952f3b8c00940a919ed9f"
        },
        {
          "type": "image",
          "assetId": "hH-UldzYQyO73t",
          "checksum": "026eead8a269a4cf184134c257ffc64c"
        },
        {
          "type": "image",
          "assetId": "EPbCfJL8PPrF46",
          "checksum": "8ce798529f7ca802061ccd785e9c7cf9"
        },
        {
          "type": "image",
          "assetId": "GDi6Eo5hbAGLaZ",
          "checksum": "8c1835707df57f92fb864dc987d2c4b6"
        },
        {
          "type": "renderModule",
          "assetId": "-g2CZJTTgy",
          "checksum": "4ae0a6d677215908490b4ae4a18c7797"
        },
        {
          "type": "cssRules",
          "assetId": "-g2CZJTTgy",
          "checksum": "4ae0a6d677215908490b4ae4a18c7797"
        },
        {
          "type": "renderModule",
          "assetId": "iToDAg1nmG",
          "checksum": "1a762c59c68d9b2db51c57c50b6a2a8c"
        },
        {
          "type": "cssRules",
          "assetId": "iToDAg1nmG",
          "checksum": "1a762c59c68d9b2db51c57c50b6a2a8c"
        },
        {
          "type": "renderModule",
          "assetId": "8d2n861ybhR",
          "checksum": "b14b84f127fa8d320661b3a25bccc3b4"
        },
        {
          "type": "cssRules",
          "assetId": "8d2n861ybhR",
          "checksum": "b14b84f127fa8d320661b3a25bccc3b4"
        },
        {
          "type": "renderModule",
          "assetId": "zh3kqLJ46fi",
          "checksum": "6fd1ebc798cdef3d413146e019b9f5e9"
        },
        {
          "type": "cssRules",
          "assetId": "zh3kqLJ46fi",
          "checksum": "6fd1ebc798cdef3d413146e019b9f5e9"
        },
        {
          "type": "renderModule",
          "assetId": "V_oBn9duPId4",
          "checksum": "6e525054bda29f907ff24e5fed6caf47"
        },
        {
          "type": "cssRules",
          "assetId": "V_oBn9duPId4",
          "checksum": "6e525054bda29f907ff24e5fed6caf47"
        },
        {
          "type": "renderModule",
          "assetId": "etnBJOB6RnQQ",
          "checksum": "108ddce635e660e20e76cd90d2fe8122"
        },
        {
          "type": "cssRules",
          "assetId": "etnBJOB6RnQQ",
          "checksum": "108ddce635e660e20e76cd90d2fe8122"
        },
        {
          "type": "renderModule",
          "assetId": "SEqf-PfEg1Av",
          "checksum": "57ca3280c069804084da2a412d7742f1"
        },
        {
          "type": "cssRules",
          "assetId": "SEqf-PfEg1Av",
          "checksum": "57ca3280c069804084da2a412d7742f1"
        },
        {
          "type": "renderModule",
          "assetId": "av94M0p8SsMs",
          "checksum": "f639b91318a9d64d477f3640994e4bf2"
        },
        {
          "type": "cssRules",
          "assetId": "av94M0p8SsMs",
          "checksum": "f639b91318a9d64d477f3640994e4bf2"
        },
        {
          "type": "renderModule",
          "assetId": "HUxNK1nPNNPj",
          "checksum": "c2b7240d52b82b70d3d0a097fef010b1"
        },
        {
          "type": "cssRules",
          "assetId": "HUxNK1nPNNPj",
          "checksum": "c2b7240d52b82b70d3d0a097fef010b1"
        },
        {
          "type": "renderModule",
          "assetId": "Nka3K81MK4J",
          "checksum": "22ceaee253ce53a59952279706dcf8fb"
        },
        {
          "type": "cssRules",
          "assetId": "Nka3K81MK4J",
          "checksum": "22ceaee253ce53a59952279706dcf8fb"
        },
        {
          "type": "renderModule",
          "assetId": "hP60w2mrECg",
          "checksum": "eebf8a67dfcda4693884e2640b86c4a2"
        },
        {
          "type": "cssRules",
          "assetId": "hP60w2mrECg",
          "checksum": "eebf8a67dfcda4693884e2640b86c4a2"
        },
        {
          "type": "renderModule",
          "assetId": "T4P95RZTmB1p",
          "checksum": "d6397ff4dc8765c258e90f6adb9eab0a"
        },
        {
          "type": "cssRules",
          "assetId": "T4P95RZTmB1p",
          "checksum": "d6397ff4dc8765c258e90f6adb9eab0a"
        },
        {
          "type": "renderModule",
          "assetId": "ilrdrVgKIxu6",
          "checksum": "a84da20d8b61767eabc6628be79b31ef"
        },
        {
          "type": "cssRules",
          "assetId": "ilrdrVgKIxu6",
          "checksum": "a84da20d8b61767eabc6628be79b31ef"
        },
        {
          "type": "renderModule",
          "assetId": "REPkkiHFP7gV",
          "checksum": "392ce313b68bc3dd169d0d008d350e89"
        },
        {
          "type": "cssRules",
          "assetId": "REPkkiHFP7gV",
          "checksum": "392ce313b68bc3dd169d0d008d350e89"
        },
        {
          "type": "renderModule",
          "assetId": "QMFzfzuf1MuZ",
          "checksum": "ba66ce84d5f68d807187b1a365c5a99c"
        },
        {
          "type": "cssRules",
          "assetId": "QMFzfzuf1MuZ",
          "checksum": "ba66ce84d5f68d807187b1a365c5a99c"
        },
        {
          "type": "renderModule",
          "assetId": "4Qhuo4p3JsDM",
          "checksum": "bddd52eb72b73a4411cf43facf0e118a"
        },
        {
          "type": "cssRules",
          "assetId": "4Qhuo4p3JsDM",
          "checksum": "bddd52eb72b73a4411cf43facf0e118a"
        },
        {
          "type": "renderModule",
          "assetId": "n0VxP9nvA2uW",
          "checksum": "127fd8c96d112d8ce15a9c23f0a016fa"
        },
        {
          "type": "cssRules",
          "assetId": "n0VxP9nvA2uW",
          "checksum": "127fd8c96d112d8ce15a9c23f0a016fa"
        },
        {
          "type": "renderModule",
          "assetId": "2fpNHVipo9oE",
          "checksum": "cf062987d61a726865ede888d3b8222e"
        },
        {
          "type": "cssRules",
          "assetId": "2fpNHVipo9oE",
          "checksum": "cf062987d61a726865ede888d3b8222e"
        },
        {
          "type": "renderModule",
          "assetId": "m3-qPOeAy3JL",
          "checksum": "a240f2a6454452d718fe659e0ff0c77b"
        },
        {
          "type": "cssRules",
          "assetId": "m3-qPOeAy3JL",
          "checksum": "a240f2a6454452d718fe659e0ff0c77b"
        },
        {
          "type": "renderModule",
          "assetId": "QQJztjY-fZxm",
          "checksum": "7efe063b15d95af20e00e1e58f7fae64"
        },
        {
          "type": "cssRules",
          "assetId": "QQJztjY-fZxm",
          "checksum": "7efe063b15d95af20e00e1e58f7fae64"
        },
        {
          "type": "renderModule",
          "assetId": "DFBOZNj-hz1F",
          "checksum": "0e5c1b75ca9cb79274d9910b43d8aa32"
        },
        {
          "type": "cssRules",
          "assetId": "DFBOZNj-hz1F",
          "checksum": "0e5c1b75ca9cb79274d9910b43d8aa32"
        },
        {
          "type": "renderModule",
          "assetId": "b7xhcwiQagQ",
          "checksum": "4cc87713ce10894876219bbdf4536553"
        },
        {
          "type": "cssRules",
          "assetId": "b7xhcwiQagQ",
          "checksum": "4cc87713ce10894876219bbdf4536553"
        },
        {
          "type": "renderModule",
          "assetId": "A-CHM3NpvTPd",
          "checksum": "4dfe1d769364692113db4a3106d99b49"
        },
        {
          "type": "cssRules",
          "assetId": "A-CHM3NpvTPd",
          "checksum": "4dfe1d769364692113db4a3106d99b49"
        },
        {
          "type": "renderModule",
          "assetId": "oAKzyx6rgSP0",
          "checksum": "10dec22e2b0e0c4e3aa0c133d196d4f7"
        },
        {
          "type": "cssRules",
          "assetId": "oAKzyx6rgSP0",
          "checksum": "10dec22e2b0e0c4e3aa0c133d196d4f7"
        },
        {
          "type": "renderModule",
          "assetId": "6vz6vQv77wHI",
          "checksum": "00f114038e836a3143b2d9538f223307"
        },
        {
          "type": "cssRules",
          "assetId": "6vz6vQv77wHI",
          "checksum": "00f114038e836a3143b2d9538f223307"
        },
        {
          "type": "renderModule",
          "assetId": "NQYYjLRE4C25",
          "checksum": "4b4fd5003525a97751ef721f2582b4da"
        },
        {
          "type": "cssRules",
          "assetId": "NQYYjLRE4C25",
          "checksum": "4b4fd5003525a97751ef721f2582b4da"
        },
        {
          "type": "renderModule",
          "assetId": "LR9nDSbmSEME",
          "checksum": "c8f88e4f2273d58ba890da8a6f87d26b"
        },
        {
          "type": "cssRules",
          "assetId": "LR9nDSbmSEME",
          "checksum": "c8f88e4f2273d58ba890da8a6f87d26b"
        },
        {
          "type": "renderModule",
          "assetId": "UdLnWbShe4VN",
          "checksum": "f83670f75c36a42aff3c8ae051eaa7f7"
        },
        {
          "type": "cssRules",
          "assetId": "UdLnWbShe4VN",
          "checksum": "f83670f75c36a42aff3c8ae051eaa7f7"
        },
        {
          "type": "renderModule",
          "assetId": "oJFTzoT_cGS5",
          "checksum": "cdb577a5ad066fc7d9857274affc5659"
        },
        {
          "type": "cssRules",
          "assetId": "oJFTzoT_cGS5",
          "checksum": "cdb577a5ad066fc7d9857274affc5659"
        },
        {
          "type": "renderModule",
          "assetId": "RoFRjc3cT2p2",
          "checksum": "1125412137ab96baa2b3e34a5b098331"
        },
        {
          "type": "cssRules",
          "assetId": "RoFRjc3cT2p2",
          "checksum": "1125412137ab96baa2b3e34a5b098331"
        },
        {
          "type": "renderModule",
          "assetId": "p8j9anwagd",
          "checksum": "a7a2925b31a8f8500a1d99493d793d8f"
        },
        {
          "type": "cssRules",
          "assetId": "p8j9anwagd",
          "checksum": "a7a2925b31a8f8500a1d99493d793d8f"
        },
        {
          "type": "icon",
          "assetId": "VIr9mPjHe_N",
          "checksum": "f2bb035eb7c9c724ff9ab44185462a92"
        },
        {
          "type": "icon",
          "assetId": "hyFJbEzzzDh",
          "checksum": "9580abce1d0c4021ceeb8368f52a2163"
        },
        {
          "type": "icon",
          "assetId": "YathwNlp-5W",
          "checksum": "7d693446a3731f37c824a89d096c4f93"
        },
        {
          "type": "icon",
          "assetId": "bzTgi1Nyqh7",
          "checksum": "d8f92247f6943bfab57fbdc4f1fd8099"
        },
        {
          "type": "icon",
          "assetId": "imr2ad6PsGm",
          "checksum": "f8b37a177a106f4e573ccfa89e55bcfe"
        },
        {
          "type": "icon",
          "assetId": "wcNkZzZBoe4",
          "checksum": "b293db592340db9517a11d6c80b1debb"
        },
        {
          "type": "icon",
          "assetId": "-5gXY-mcqvsC",
          "checksum": "c84aba06db0d54cae5dc7ce44e1a217f"
        },
        {
          "type": "icon",
          "assetId": "Fdi7uUm3D",
          "checksum": "42aff472f548598e5b9e4e452f799563"
        },
        {
          "type": "icon",
          "assetId": "5m1eRSzYJX",
          "checksum": "4e82c15fc0e82c0eba161f56ac4df8ab"
        },
        {
          "type": "icon",
          "assetId": "haUSTplTf_",
          "checksum": "149e8fbd47f6311a4e4952e1d367bb34"
        },
        {
          "type": "icon",
          "assetId": "Fm08GCOPSM",
          "checksum": "e6002b8870ca599bfec8d6fd5285e9a8"
        },
        {
          "type": "icon",
          "assetId": "PkQd2s63BDV",
          "checksum": "f4418103a5ae6330cdeab9199426d811"
        },
        {
          "type": "icon",
          "assetId": "q9W4xpDt_0c",
          "checksum": "9f9b51b642b9ffd99d8d1907a194e4be"
        },
        {
          "type": "icon",
          "assetId": "Y1PoW2BJdAn",
          "checksum": "fa4829a6a1bef3ac0b8dc3d68d78e284"
        },
        {
          "type": "icon",
          "assetId": "FpqqNlkv-3O",
          "checksum": "c54d2905b23bc0099fb30a03d6ca27df"
        },
        {
          "type": "image",
          "assetId": "Ip_HfRHu4xx",
          "checksum": "23a6746185c2acbad2ba4d13a1407c2d"
        },
        {
          "type": "image",
          "assetId": "MAv3Dbj3Lkn",
          "checksum": "25344fa7487548becf058bda99b4c25f"
        },
        {
          "type": "image",
          "assetId": "2Ifs1h8V_Gl",
          "checksum": "40470dd2f5b5932f9ac013a3ba089b49"
        },
        {
          "type": "image",
          "assetId": "KX5vCVZ16l4",
          "checksum": "ef9e614448fcc0eb48ccd8838e336057"
        },
        {
          "type": "image",
          "assetId": "ejnr_Mh7bR3",
          "checksum": "0779d19a012341fbd0008022801ddc4c"
        },
        {
          "type": "image",
          "assetId": "9Lovay_Sz1Gv",
          "checksum": "e6815ac64289f108e29b9394b95f63b3"
        },
        {
          "type": "image",
          "assetId": "j91VAH07FkoS",
          "checksum": "110d712f708d90e0c6606cece2dafd5d"
        },
        {
          "type": "image",
          "assetId": "Qt8I9t6utnuG",
          "checksum": "459fa027a821b69609b767936fa173c1"
        },
        {
          "type": "image",
          "assetId": "38HTREK_cPf7",
          "checksum": "ac136d24d08adc66eba46a594d38d76e"
        },
        {
          "type": "image",
          "assetId": "dAKeDUubt2w3",
          "checksum": "b9c4084b5b691fd68633cad86a9088e4"
        },
        {
          "type": "image",
          "assetId": "bsBaBYxNfPaB",
          "checksum": "b35c903c0556b3649c1229e4e3612f59"
        },
        {
          "type": "image",
          "assetId": "Nj0Cineikniw",
          "checksum": "973d0e5e19559b029b920ab76bd52897"
        },
        {
          "type": "image",
          "assetId": "y_-VAxpq2koi",
          "checksum": "85acbd56c74ec5aab0b976f24e2dc660"
        },
        {
          "type": "image",
          "assetId": "Bw1XX4pLB2oY",
          "checksum": "bc01fe2c4b20ec39eab42452a5c50966"
        },
        {
          "type": "image",
          "assetId": "Z7cxMPyV5uq-",
          "checksum": "0365f731c3ca1edd6ddc7ff5eeba1c44"
        },
        {
          "type": "image",
          "assetId": "EtWNH4SH88Jf",
          "checksum": "5d2fcaad346948d224734681566d7a2d"
        },
        {
          "type": "image",
          "assetId": "pt0G3qLzImIt",
          "checksum": "1cfc4e478c1af559f9fb3d04775d240b"
        },
        {
          "type": "image",
          "assetId": "xP6OEh_x7uzd",
          "checksum": "58ab86c83ce32f216d03128c98cd2bd3"
        },
        {
          "type": "image",
          "assetId": "HudZcdsTrL-p",
          "checksum": "9bcab8346d137473954edd01f5f39a19"
        },
        {
          "type": "image",
          "assetId": "38vHlJE4G61F",
          "checksum": "2582c4468bce405c0c3fb6d8e2cf029e"
        },
        {
          "type": "image",
          "assetId": "s8_D2MHzsFvW",
          "checksum": "74b049b72882754403eee8625015abf3"
        },
        {
          "type": "image",
          "assetId": "KtelO3lDQkQO",
          "checksum": "1cfcfd210eb509f6d926525368eceaab"
        },
        {
          "type": "image",
          "assetId": "CtDY8oGqdat0",
          "checksum": "4d5c07e775b1936b06e8c064e2b50086"
        },
        {
          "type": "image",
          "assetId": "pRICDvGpdra1",
          "checksum": "60313d12284151e4c2b907ac8128293a"
        },
        {
          "type": "image",
          "assetId": "jujIPqDcqgQe",
          "checksum": "605934bb7649d97573d54234aef2b16e"
        },
        {
          "type": "image",
          "assetId": "WGSLuucRHTqY",
          "checksum": "7d68e7767a0456f137e32e9d13f3a678"
        },
        {
          "type": "image",
          "assetId": "coGUGU1RLMhC",
          "checksum": "cb59967720d9596858d5c86a2630ff0f"
        },
        {
          "type": "image",
          "assetId": "7qkXoSP38mYZ",
          "checksum": "533c8e9a4a363245a3a555990a12c58b"
        },
        {
          "type": "image",
          "assetId": "OINuKV1RjNpO",
          "checksum": "1badb0a66cd763fe307c13e2ed60836a"
        },
        {
          "type": "image",
          "assetId": "T6CaoN2IG_CH",
          "checksum": "ebf38a69a8eb9f2ce0e85d9e6b622c6a"
        },
        {
          "type": "image",
          "assetId": "gGKFg6Wy5t1t",
          "checksum": "d58d7459ed9c08ac18cc79fe15f9c5fe"
        },
        {
          "type": "image",
          "assetId": "Go4boIZdeufb",
          "checksum": "b394e628df8a2c4fccea28881a0cb6a7"
        },
        {
          "type": "image",
          "assetId": "mu_S_BFcgfkk",
          "checksum": "d501b3b6ab79fae84ca7a89404687e5e"
        },
        {
          "type": "image",
          "assetId": "Ex57-w8trcqF",
          "checksum": "226053ff3d4410dacb7269ebaa1eeb9e"
        },
        {
          "type": "image",
          "assetId": "9mjS7Gg6Keh5",
          "checksum": "b89281dfd547ddbc24c3e8d12fd41cce"
        },
        {
          "type": "image",
          "assetId": "cgjgMOUVjGi5",
          "checksum": "835c8945d0b14d4522da31161f5270a0"
        },
        {
          "type": "image",
          "assetId": "hzgYtnxpAUkl",
          "checksum": "118e245db4ce39564bd29c1ff423b8fb"
        },
        {
          "type": "image",
          "assetId": "JWR6-MThfQC7",
          "checksum": "1e6b051d9190103504a271858cb3ab32"
        },
        {
          "type": "image",
          "assetId": "-HNVnJihJIpa",
          "checksum": "74d9531096c00538e88d73f8820d8176"
        },
        {
          "type": "image",
          "assetId": "HTvMnh6Zsysj",
          "checksum": "f8ae933ac2d07912341ba88bc9849a75"
        },
        {
          "type": "image",
          "assetId": "ARZZ4QcSW7n1",
          "checksum": "149f25cddfb831c716bd10c2af3c32a4"
        },
        {
          "type": "image",
          "assetId": "ZUXoPiKnyDu",
          "checksum": "e6b293d38efdc36af47e176c60072636"
        },
        {
          "type": "image",
          "assetId": "klfu9JKrQKW",
          "checksum": "e942cfbf22a5e7e004bfc5139378ba00"
        },
        {
          "type": "image",
          "assetId": "BQCxl8-cRsR",
          "checksum": "c3edccb944ffd304299fceb055881365"
        },
        {
          "type": "image",
          "assetId": "4b4F5mZV6N5",
          "checksum": "7e1e63ba51f0ba377e8a314b62269d8a"
        },
        {
          "type": "image",
          "assetId": "A3EJGZyQhhS",
          "checksum": "aa6692763a61667c6ca44dc63a71daa8"
        },
        {
          "type": "image",
          "assetId": "7BBlm-Smv",
          "checksum": "bbce91fcd63974131fbc61d70f9f481d"
        },
        {
          "type": "renderModule",
          "assetId": "_DbnGlNkMg",
          "checksum": "c1292e4e8017100f0517920bacba71e5"
        },
        {
          "type": "cssRules",
          "assetId": "_DbnGlNkMg",
          "checksum": "c1292e4e8017100f0517920bacba71e5"
        },
        {
          "type": "image",
          "assetId": "Txxs8mLWC",
          "checksum": "f734f1caaeb910a31e20aef7cfd9020c"
        },
        {
          "type": "image",
          "assetId": "gGIjkKH_n",
          "checksum": "30ec09498fa1fbb02bbfb4da68cef3c8"
        },
        {
          "type": "image",
          "assetId": "C4DLkPaUY",
          "checksum": "bae3e32f7939511faf41016ff421b206"
        },
        {
          "type": "image",
          "assetId": "zC_IWyJRT",
          "checksum": "2dea619f0b6c410165f165704e380786"
        },
        {
          "type": "image",
          "assetId": "q4U_CJLmQ",
          "checksum": "7c2e63d23520e0c9a27bbb095551acf0"
        },
        {
          "type": "image",
          "assetId": "YT6exh67K",
          "checksum": "7e76500d531c6aed8643d34613652d5b"
        },
        {
          "type": "image",
          "assetId": "XLb8to3Wt",
          "checksum": "f974e55e7f1be8b3299ea442a28918a2"
        },
        {
          "assetId": "sSe8AoDiAW5DkmycE76RKb",
          "type": "projectCss",
          "checksum": "014802de6d7f7ae4afad240e1611fb1c"
        },
        {
          "type": "renderModule",
          "assetId": "gnX8DPADyQ",
          "checksum": "55ae963331cf6bf97679ec16f1d095c3"
        },
        {
          "type": "cssRules",
          "assetId": "gnX8DPADyQ",
          "checksum": "55ae963331cf6bf97679ec16f1d095c3"
        },
        {
          "type": "image",
          "assetId": "Wpj3VfTQZ",
          "checksum": "40c2df89b9f937f9580cc76aed72cd95"
        },
        {
          "type": "image",
          "assetId": "_JTX-9mHb",
          "checksum": "fb3f6d7e8410bcfe4a18ebd55ae5eeda"
        },
        {
          "type": "image",
          "assetId": "eqdqyQEX5",
          "checksum": "121b92d33b915b2feafdd0e580e9c279"
        },
        {
          "type": "image",
          "assetId": "CHmOB6IOR",
          "checksum": "96daba501310e74b53b28e2e54ccf9ba"
        },
        {
          "type": "image",
          "assetId": "EwyWH8iNx",
          "checksum": "01e77a3518cebd0d75ff0328323c37dc"
        },
        {
          "type": "image",
          "assetId": "HUSd-19Pi",
          "checksum": "0f198a1f73cc94c54b2dce4c6d119f80"
        },
        {
          "type": "image",
          "assetId": "kQI3misXO",
          "checksum": "3c96c915601c456c663b62163af9bc46"
        },
        {
          "type": "image",
          "assetId": "E3KxPx4-h",
          "checksum": "4bd558e1c1d9ef864eb288697dfb8352"
        },
        {
          "type": "image",
          "assetId": "z_zbVfuKQ",
          "checksum": "293f5e51863f28f73d4cb3dc6a52b30e"
        },
        {
          "type": "image",
          "assetId": "2n9FlmM-i",
          "checksum": "42390c3a016ea4e98ee2dc47345a11e3"
        }
      ],
      "codegenVersion": "0.0.1"
    }
  ],
  "cliVersion": "0.1.182"
}
